
Microsoft Visual Studio Solution File, Format Version 12.00
# Visual Studio Version 17
VisualStudioVersion = 17.0.31903.59
MinimumVisualStudioVersion = 10.0.40219.1
Project("{2150E333-8FDC-42A3-9474-1A3956D46DE8}") = "src", "src", "{4C2F324E-D942-4D03-9861-BF9D4E240A8A}"
EndProject
Project("{2150E333-8FDC-42A3-9474-1A3956D46DE8}") = "tests", "tests", "{3F56DE8C-2CF0-4E47-AEDB-6067900F63F5}"
EndProject
Project("{FAE04EC0-301F-11D3-BF4B-00C04F79EFBC}") = "Restaurants.Application", "src\Restaurants.Application\Restaurants.Application.csproj", "{582593DB-A002-44E4-A0BE-2CE04D40A9D2}"
EndProject
Project("{FAE04EC0-301F-11D3-BF4B-00C04F79EFBC}") = "Restaurants.Core", "src\Restaurants.Core\Restaurants.Core.csproj", "{AB9DBB88-8C55-4821-B8A3-62990FFD71C2}"
EndProject
Project("{FAE04EC0-301F-11D3-BF4B-00C04F79EFBC}") = "Restaurants.Infrastructure", "src\Restaurants.Infrastructure\Restaurants.Infrastructure.csproj", "{BFF4EFB2-4E94-4C51-B31B-6BCB58FAC545}"
EndProject
Project("{FAE04EC0-301F-11D3-BF4B-00C04F79EFBC}") = "Restaurants.API", "src\Restaurants.API\Restaurants.API.csproj", "{3BAC47DA-AB47-434A-8D21-EF53DA047D38}"
EndProject
Project("{FAE04EC0-301F-11D3-BF4B-00C04F79EFBC}") = "Restaurants.API.Tests", "tests\Restaurants.API.Tests\Restaurants.API.Tests.csproj", "{6C676568-C695-43F4-B167-1FBBE249AEEC}"
EndProject
Project("{FAE04EC0-301F-11D3-BF4B-00C04F79EFBC}") = "Restaurants.ApplicationTests", "tests\Restaurants.ApplicationTests\Restaurants.ApplicationTests.csproj", "{3BD51F54-0709-45DF-85C7-FD9E93E609E8}"
EndProject
Global
	GlobalSection(SolutionConfigurationPlatforms) = preSolution
		Debug|Any CPU = Debug|Any CPU
		Release|Any CPU = Release|Any CPU
	EndGlobalSection
	GlobalSection(SolutionProperties) = preSolution
		HideSolutionNode = FALSE
	EndGlobalSection
	GlobalSection(ProjectConfigurationPlatforms) = postSolution
		{582593DB-A002-44E4-A0BE-2CE04D40A9D2}.Debug|Any CPU.ActiveCfg = Debug|Any CPU
		{582593DB-A002-44E4-A0BE-2CE04D40A9D2}.Debug|Any CPU.Build.0 = Debug|Any CPU
		{582593DB-A002-44E4-A0BE-2CE04D40A9D2}.Release|Any CPU.ActiveCfg = Release|Any CPU
		{582593DB-A002-44E4-A0BE-2CE04D40A9D2}.Release|Any CPU.Build.0 = Release|Any CPU
		{AB9DBB88-8C55-4821-B8A3-62990FFD71C2}.Debug|Any CPU.ActiveCfg = Debug|Any CPU
		{AB9DBB88-8C55-4821-B8A3-62990FFD71C2}.Debug|Any CPU.Build.0 = Debug|Any CPU
		{AB9DBB88-8C55-4821-B8A3-62990FFD71C2}.Release|Any CPU.ActiveCfg = Release|Any CPU
		{AB9DBB88-8C55-4821-B8A3-62990FFD71C2}.Release|Any CPU.Build.0 = Release|Any CPU
		{BFF4EFB2-4E94-4C51-B31B-6BCB58FAC545}.Debug|Any CPU.ActiveCfg = Debug|Any CPU
		{BFF4EFB2-4E94-4C51-B31B-6BCB58FAC545}.Debug|Any CPU.Build.0 = Debug|Any CPU
		{BFF4EFB2-4E94-4C51-B31B-6BCB58FAC545}.Release|Any CPU.ActiveCfg = Release|Any CPU
		{BFF4EFB2-4E94-4C51-B31B-6BCB58FAC545}.Release|Any CPU.Build.0 = Release|Any CPU
		{3BAC47DA-AB47-434A-8D21-EF53DA047D38}.Debug|Any CPU.ActiveCfg = Debug|Any CPU
		{3BAC47DA-AB47-434A-8D21-EF53DA047D38}.Debug|Any CPU.Build.0 = Debug|Any CPU
		{3BAC47DA-AB47-434A-8D21-EF53DA047D38}.Release|Any CPU.ActiveCfg = Release|Any CPU
		{3BAC47DA-AB47-434A-8D21-EF53DA047D38}.Release|Any CPU.Build.0 = Release|Any CPU
		{6C676568-C695-43F4-B167-1FBBE249AEEC}.Debug|Any CPU.ActiveCfg = Debug|Any CPU
		{6C676568-C695-43F4-B167-1FBBE249AEEC}.Debug|Any CPU.Build.0 = Debug|Any CPU
		{6C676568-C695-43F4-B167-1FBBE249AEEC}.Release|Any CPU.ActiveCfg = Release|Any CPU
		{6C676568-C695-43F4-B167-1FBBE249AEEC}.Release|Any CPU.Build.0 = Release|Any CPU
		{3BD51F54-0709-45DF-85C7-FD9E93E609E8}.Debug|Any CPU.ActiveCfg = Debug|Any CPU
		{3BD51F54-0709-45DF-85C7-FD9E93E609E8}.Debug|Any CPU.Build.0 = Debug|Any CPU
		{3BD51F54-0709-45DF-85C7-FD9E93E609E8}.Release|Any CPU.ActiveCfg = Release|Any CPU
		{3BD51F54-0709-45DF-85C7-FD9E93E609E8}.Release|Any CPU.Build.0 = Release|Any CPU
	EndGlobalSection
	GlobalSection(NestedProjects) = preSolution
		{582593DB-A002-44E4-A0BE-2CE04D40A9D2} = {4C2F324E-D942-4D03-9861-BF9D4E240A8A}
		{AB9DBB88-8C55-4821-B8A3-62990FFD71C2} = {4C2F324E-D942-4D03-9861-BF9D4E240A8A}
		{BFF4EFB2-4E94-4C51-B31B-6BCB58FAC545} = {4C2F324E-D942-4D03-9861-BF9D4E240A8A}
		{3BAC47DA-AB47-434A-8D21-EF53DA047D38} = {4C2F324E-D942-4D03-9861-BF9D4E240A8A}
		{6C676568-C695-43F4-B167-1FBBE249AEEC} = {3F56DE8C-2CF0-4E47-AEDB-6067900F63F5}
		{3BD51F54-0709-45DF-85C7-FD9E93E609E8} = {3F56DE8C-2CF0-4E47-AEDB-6067900F63F5}
	EndGlobalSection
EndGlobal
