
Microsoft Visual Studio Solution File, Format Version 12.00
# Visual Studio Version 17
VisualStudioVersion = 17.0.31903.59
MinimumVisualStudioVersion = 10.0.40219.1
Project("{FAE04EC0-301F-11D3-BF4B-00C04F79EFBC}") = "Restaurants.API", "Restaurants.API\Restaurants.API.csproj", "{31CC8486-0B64-4475-A9C5-1486931ECAE8}"
EndProject
Project("{FAE04EC0-301F-11D3-BF4B-00C04F79EFBC}") = "Restaurants.Core", "Restaurants.Core\Restaurants.Core.csproj", "{37C9CF96-2CB2-4361-B80D-188FDDCF6B97}"
EndProject
Project("{FAE04EC0-301F-11D3-BF4B-00C04F79EFBC}") = "Restaurants.Application", "Restaurants.Application\Restaurants.Application.csproj", "{D9BCF067-400B-4F70-BA3F-271CE7A1ACB0}"
EndProject
Project("{FAE04EC0-301F-11D3-BF4B-00C04F79EFBC}") = "Restaurants.Infrastructure", "Restaurants.Infrastructure\Restaurants.Infrastructure.csproj", "{AAA17951-8B4E-4CDB-A291-2B34B7D25C6F}"
EndProject
Project("{FAE04EC0-301F-11D3-BF4B-00C04F79EFBC}") = "z_Restaurants.ApplicationTests", "z_Restaurants.ApplicationTests\z_Restaurants.ApplicationTests.csproj", "{677A17FE-71BC-41A4-8C7C-C55FE9F00197}"
EndProject
Project("{FAE04EC0-301F-11D3-BF4B-00C04F79EFBC}") = "z_Restaurants.API.Tests", "z_Restaurants.API.Tests\z_Restaurants.API.Tests.csproj", "{AAEEE03F-9FAE-472F-8575-E58C04B0AF56}"
EndProject
Global
	GlobalSection(SolutionConfigurationPlatforms) = preSolution
		Debug|Any CPU = Debug|Any CPU
		Release|Any CPU = Release|Any CPU
	EndGlobalSection
	GlobalSection(SolutionProperties) = preSolution
		HideSolutionNode = FALSE
	EndGlobalSection
	GlobalSection(ProjectConfigurationPlatforms) = postSolution
		{31CC8486-0B64-4475-A9C5-1486931ECAE8}.Debug|Any CPU.ActiveCfg = Debug|Any CPU
		{31CC8486-0B64-4475-A9C5-1486931ECAE8}.Debug|Any CPU.Build.0 = Debug|Any CPU
		{31CC8486-0B64-4475-A9C5-1486931ECAE8}.Release|Any CPU.ActiveCfg = Release|Any CPU
		{31CC8486-0B64-4475-A9C5-1486931ECAE8}.Release|Any CPU.Build.0 = Release|Any CPU
		{37C9CF96-2CB2-4361-B80D-188FDDCF6B97}.Debug|Any CPU.ActiveCfg = Debug|Any CPU
		{37C9CF96-2CB2-4361-B80D-188FDDCF6B97}.Debug|Any CPU.Build.0 = Debug|Any CPU
		{37C9CF96-2CB2-4361-B80D-188FDDCF6B97}.Release|Any CPU.ActiveCfg = Release|Any CPU
		{37C9CF96-2CB2-4361-B80D-188FDDCF6B97}.Release|Any CPU.Build.0 = Release|Any CPU
		{D9BCF067-400B-4F70-BA3F-271CE7A1ACB0}.Debug|Any CPU.ActiveCfg = Debug|Any CPU
		{D9BCF067-400B-4F70-BA3F-271CE7A1ACB0}.Debug|Any CPU.Build.0 = Debug|Any CPU
		{D9BCF067-400B-4F70-BA3F-271CE7A1ACB0}.Release|Any CPU.ActiveCfg = Release|Any CPU
		{D9BCF067-400B-4F70-BA3F-271CE7A1ACB0}.Release|Any CPU.Build.0 = Release|Any CPU
		{AAA17951-8B4E-4CDB-A291-2B34B7D25C6F}.Debug|Any CPU.ActiveCfg = Debug|Any CPU
		{AAA17951-8B4E-4CDB-A291-2B34B7D25C6F}.Debug|Any CPU.Build.0 = Debug|Any CPU
		{AAA17951-8B4E-4CDB-A291-2B34B7D25C6F}.Release|Any CPU.ActiveCfg = Release|Any CPU
		{AAA17951-8B4E-4CDB-A291-2B34B7D25C6F}.Release|Any CPU.Build.0 = Release|Any CPU
		{677A17FE-71BC-41A4-8C7C-C55FE9F00197}.Debug|Any CPU.ActiveCfg = Debug|Any CPU
		{677A17FE-71BC-41A4-8C7C-C55FE9F00197}.Debug|Any CPU.Build.0 = Debug|Any CPU
		{677A17FE-71BC-41A4-8C7C-C55FE9F00197}.Release|Any CPU.ActiveCfg = Release|Any CPU
		{677A17FE-71BC-41A4-8C7C-C55FE9F00197}.Release|Any CPU.Build.0 = Release|Any CPU
		{AAEEE03F-9FAE-472F-8575-E58C04B0AF56}.Debug|Any CPU.ActiveCfg = Debug|Any CPU
		{AAEEE03F-9FAE-472F-8575-E58C04B0AF56}.Debug|Any CPU.Build.0 = Debug|Any CPU
		{AAEEE03F-9FAE-472F-8575-E58C04B0AF56}.Release|Any CPU.ActiveCfg = Release|Any CPU
		{AAEEE03F-9FAE-472F-8575-E58C04B0AF56}.Release|Any CPU.Build.0 = Release|Any CPU
	EndGlobalSection
EndGlobal
